
Microsoft Visual Studio Solution File, Format Version 11.00
# Visual C++ Express 2010
Project("{8BC9CEB8-8B4A-11D0-8D11-00A0C91BC942}") = "MuSo6", "MuSo6.vcxproj", "{B9E44678-E6BC-8D38-982A-0B18163E7FF0}"
EndProject
Global
	GlobalSection(SolutionConfigurationPlatforms) = preSolution
		Debug|Win32 = Debug|Win32
		Release|Win32 = Release|Win32
	EndGlobalSection
	GlobalSection(ProjectConfigurationPlatforms) = postSolution
		{B9E44678-E6BC-8D38-982A-0B18163E7FF0}.Debug|Win32.ActiveCfg = Debug|Win32
		{B9E44678-E6BC-8D38-982A-0B18163E7FF0}.Debug|Win32.Build.0 = Debug|Win32
		{B9E44678-E6BC-8D38-982A-0B18163E7FF0}.Release|Win32.ActiveCfg = Release|Win32
		{B9E44678-E6BC-8D38-982A-0B18163E7FF0}.Release|Win32.Build.0 = Release|Win32
	EndGlobalSection
	GlobalSection(SolutionProperties) = preSolution
		HideSolutionNode = FALSE
	EndGlobalSection
EndGlobal
